
Microsoft Visual Studio Solution File, Format Version 12.00
# Visual Studio Version 17
VisualStudioVersion = 17.7.34202.233
MinimumVisualStudioVersion = 10.0.40219.1
Project("{FAE04EC0-301F-11D3-BF4B-00C04F79EFBC}") = "Adega", "Adega\Adega.csproj", "{8D05C5E2-BD2F-49B5-82C4-F58B20D7E3EF}"
EndProject
Global
	GlobalSection(SolutionConfigurationPlatforms) = preSolution
		Debug|Any CPU = Debug|Any CPU
		Release|Any CPU = Release|Any CPU
	EndGlobalSection
	GlobalSection(ProjectConfigurationPlatforms) = postSolution
		{8D05C5E2-BD2F-49B5-82C4-F58B20D7E3EF}.Debug|Any CPU.ActiveCfg = Debug|Any CPU
		{8D05C5E2-BD2F-49B5-82C4-F58B20D7E3EF}.Debug|Any CPU.Build.0 = Debug|Any CPU
		{8D05C5E2-BD2F-49B5-82C4-F58B20D7E3EF}.Release|Any CPU.ActiveCfg = Release|Any CPU
		{8D05C5E2-BD2F-49B5-82C4-F58B20D7E3EF}.Release|Any CPU.Build.0 = Release|Any CPU
	EndGlobalSection
	GlobalSection(SolutionProperties) = preSolution
		HideSolutionNode = FALSE
	EndGlobalSection
	GlobalSection(ExtensibilityGlobals) = postSolution
		SolutionGuid = {CCB59D97-5639-41D0-85D8-554F6F07F4E0}
	EndGlobalSection
EndGlobal
